// !$*UTF8*$!
{
	archiveVersion = 1;
	classes = {
	};
	objectVersion = 50;
	objects = {

/* Begin PBXBuildFile section */
		8414863B24C1956A0020506E /* HeaderView.swift in Sources */ = {isa = PBXBuildFile; fileRef = 8414863A24C1956A0020506E /* HeaderView.swift */; };
		8414863D24C1B04D0020506E /* CategoryCell.swift in Sources */ = {isa = PBXBuildFile; fileRef = 8414863C24C1B04D0020506E /* CategoryCell.swift */; };
		84D47EE024AF16EC0080535A /* AppDelegate.swift in Sources */ = {isa = PBXBuildFile; fileRef = 84D47EDF24AF16EC0080535A /* AppDelegate.swift */; };
		84D47EE224AF16EC0080535A /* SceneDelegate.swift in Sources */ = {isa = PBXBuildFile; fileRef = 84D47EE124AF16EC0080535A /* SceneDelegate.swift */; };
		84D47EE424AF16EC0080535A /* ViewController.swift in Sources */ = {isa = PBXBuildFile; fileRef = 84D47EE324AF16EC0080535A /* ViewController.swift */; };
		84D47EE724AF16EC0080535A /* Main.storyboard in Resources */ = {isa = PBXBuildFile; fileRef = 84D47EE524AF16EC0080535A /* Main.storyboard */; };
		84D47EE924AF173D0080535A /* Assets.xcassets in Resources */ = {isa = PBXBuildFile; fileRef = 84D47EE824AF173D0080535A /* Assets.xcassets */; };
		84D47EEC24AF173D0080535A /* LaunchScreen.storyboard in Resources */ = {isa = PBXBuildFile; fileRef = 84D47EEA24AF173D0080535A /* LaunchScreen.storyboard */; };
		84D47EFA24AF288F0080535A /* CollectionViewCell.swift in Sources */ = {isa = PBXBuildFile; fileRef = 84D47EF924AF288F0080535A /* CollectionViewCell.swift */; };
		84D47EFD24AF2B3B0080535A /* BigMovieCell.swift in Sources */ = {isa = PBXBuildFile; fileRef = 84D47EFB24AF2B3B0080535A /* BigMovieCell.swift */; };
		84D47EFE24AF2B3B0080535A /* BigMovieCell.xib in Resources */ = {isa = PBXBuildFile; fileRef = 84D47EFC24AF2B3B0080535A /* BigMovieCell.xib */; };
/* End PBXBuildFile section */

/* Begin PBXFileReference section */
		8414863A24C1956A0020506E /* HeaderView.swift */ = {isa = PBXFileReference; lastKnownFileType = sourcecode.swift; path = HeaderView.swift; sourceTree = "<group>"; };
		8414863C24C1B04D0020506E /* CategoryCell.swift */ = {isa = PBXFileReference; lastKnownFileType = sourcecode.swift; path = CategoryCell.swift; sourceTree = "<group>"; };
		84D47EDC24AF16EC0080535A /* CompLayoutTest.app */ = {isa = PBXFileReference; explicitFileType = wrapper.application; includeInIndex = 0; path = CompLayoutTest.app; sourceTree = BUILT_PRODUCTS_DIR; };
		84D47EDF24AF16EC0080535A /* AppDelegate.swift */ = {isa = PBXFileReference; lastKnownFileType = sourcecode.swift; path = AppDelegate.swift; sourceTree = "<group>"; };
		84D47EE124AF16EC0080535A /* SceneDelegate.swift */ = {isa = PBXFileReference; lastKnownFileType = sourcecode.swift; path = SceneDelegate.swift; sourceTree = "<group>"; };
		84D47EE324AF16EC0080535A /* ViewController.swift */ = {isa = PBXFileReference; lastKnownFileType = sourcecode.swift; path = ViewController.swift; sourceTree = "<group>"; };
		84D47EE624AF16EC0080535A /* Base */ = {isa = PBXFileReference; lastKnownFileType = file.storyboard; name = Base; path = Base.lproj/Main.storyboard; sourceTree = "<group>"; };
		84D47EE824AF173D0080535A /* Assets.xcassets */ = {isa = PBXFileReference; lastKnownFileType = folder.assetcatalog; path = Assets.xcassets; sourceTree = "<group>"; };
		84D47EEB24AF173D0080535A /* Base */ = {isa = PBXFileReference; lastKnownFileType = file.storyboard; name = Base; path = Base.lproj/LaunchScreen.storyboard; sourceTree = "<group>"; };
		84D47EED24AF173D0080535A /* Info.plist */ = {isa = PBXFileReference; lastKnownFileType = text.plist.xml; path = Info.plist; sourceTree = "<group>"; };
		84D47EF924AF288F0080535A /* CollectionViewCell.swift */ = {isa = PBXFileReference; lastKnownFileType = sourcecode.swift; path = CollectionViewCell.swift; sourceTree = "<group>"; };
		84D47EFB24AF2B3B0080535A /* BigMovieCell.swift */ = {isa = PBXFileReference; lastKnownFileType = sourcecode.swift; path = BigMovieCell.swift; sourceTree = "<group>"; };
		84D47EFC24AF2B3B0080535A /* BigMovieCell.xib */ = {isa = PBXFileReference; lastKnownFileType = file.xib; path = BigMovieCell.xib; sourceTree = "<group>"; };
/* End PBXFileReference section */

/* Begin PBXFrameworksBuildPhase section */
		84D47ED924AF16EC0080535A /* Frameworks */ = {
			isa = PBXFrameworksBuildPhase;
			buildActionMask = 2147483647;
			files = (
			);
			runOnlyForDeploymentPostprocessing = 0;
		};
/* End PBXFrameworksBuildPhase section */

/* Begin PBXGroup section */
		84D47ED324AF16EB0080535A = {
			isa = PBXGroup;
			children = (
				84D47EDE24AF16EC0080535A /* CompLayoutTest */,
				84D47EDD24AF16EC0080535A /* Products */,
			);
			sourceTree = "<group>";
		};
		84D47EDD24AF16EC0080535A /* Products */ = {
			isa = PBXGroup;
			children = (
				84D47EDC24AF16EC0080535A /* CompLayoutTest.app */,
			);
			name = Products;
			sourceTree = "<group>";
		};
		84D47EDE24AF16EC0080535A /* CompLayoutTest */ = {
			isa = PBXGroup;
			children = (
				84D47EDF24AF16EC0080535A /* AppDelegate.swift */,
				84D47EE124AF16EC0080535A /* SceneDelegate.swift */,
				84D47EE324AF16EC0080535A /* ViewController.swift */,
				84D47EE524AF16EC0080535A /* Main.storyboard */,
				84D47EE824AF173D0080535A /* Assets.xcassets */,
				84D47EEA24AF173D0080535A /* LaunchScreen.storyboard */,
				84D47EED24AF173D0080535A /* Info.plist */,
				84D47EF924AF288F0080535A /* CollectionViewCell.swift */,
				84D47EFB24AF2B3B0080535A /* BigMovieCell.swift */,
				84D47EFC24AF2B3B0080535A /* BigMovieCell.xib */,
				8414863A24C1956A0020506E /* HeaderView.swift */,
				8414863C24C1B04D0020506E /* CategoryCell.swift */,
			);
			path = CompLayoutTest;
			sourceTree = "<group>";
		};
/* End PBXGroup section */

/* Begin PBXNativeTarget section */
		84D47EDB24AF16EC0080535A /* CompLayoutTest */ = {
			isa = PBXNativeTarget;
			buildConfigurationList = 84D47EF024AF173D0080535A /* Build configuration list for PBXNativeTarget "CompLayoutTest" */;
			buildPhases = (
				84D47ED824AF16EC0080535A /* Sources */,
				84D47ED924AF16EC0080535A /* Frameworks */,
				84D47EDA24AF16EC0080535A /* Resources */,
			);
			buildRules = (
			);
			dependencies = (
			);
			name = CompLayoutTest;
			productName = CompLayoutTest;
			productReference = 84D47EDC24AF16EC0080535A /* CompLayoutTest.app */;
			productType = "com.apple.product-type.application";
		};
/* End PBXNativeTarget section */

/* Begin PBXProject section */
		84D47ED424AF16EB0080535A /* Project object */ = {
			isa = PBXProject;
			attributes = {
				LastSwiftUpdateCheck = 1140;
				LastUpgradeCheck = 1140;
				ORGANIZATIONNAME = Admin;
				TargetAttributes = {
					84D47EDB24AF16EC0080535A = {
						CreatedOnToolsVersion = 11.4;
					};
				};
			};
			buildConfigurationList = 84D47ED724AF16EB0080535A /* Build configuration list for PBXProject "CompLayoutTest" */;
			compatibilityVersion = "Xcode 9.3";
			developmentRegion = en;
			hasScannedForEncodings = 0;
			knownRegions = (
				en,
				Base,
			);
			mainGroup = 84D47ED324AF16EB0080535A;
			productRefGroup = 84D47EDD24AF16EC0080535A /* Products */;
			projectDirPath = "";
			projectRoot = "";
			targets = (
				84D47EDB24AF16EC0080535A /* CompLayoutTest */,
			);
		};
/* End PBXProject section */

/* Begin PBXResourcesBuildPhase section */
		84D47EDA24AF16EC0080535A /* Resources */ = {
			isa = PBXResourcesBuildPhase;
			buildActionMask = 2147483647;
			files = (
				84D47EEC24AF173D0080535A /* LaunchScreen.storyboard in Resources */,
				84D47EE924AF173D0080535A /* Assets.xcassets in Resources */,
				84D47EE724AF16EC0080535A /* Main.storyboard in Resources */,
				84D47EFE24AF2B3B0080535A /* BigMovieCell.xib in Resources */,
			);
			runOnlyForDeploymentPostprocessing = 0;
		};
/* End PBXResourcesBuildPhase section */

/* Begin PBXSourcesBuildPhase section */
		84D47ED824AF16EC0080535A /* Sources */ = {
			isa = PBXSourcesBuildPhase;
			buildActionMask = 2147483647;
			files = (
				84D47EE424AF16EC0080535A /* ViewController.swift in Sources */,
				8414863B24C1956A0020506E /* HeaderView.swift in Sources */,
				84D47EFA24AF288F0080535A /* CollectionViewCell.swift in Sources */,
				8414863D24C1B04D0020506E /* CategoryCell.swift in Sources */,
				84D47EFD24AF2B3B0080535A /* BigMovieCell.swift in Sources */,
				84D47EE024AF16EC0080535A /* AppDelegate.swift in Sources */,
				84D47EE224AF16EC0080535A /* SceneDelegate.swift in Sources */,
			);
			runOnlyForDeploymentPostprocessing = 0;
		};
/* End PBXSourcesBuildPhase section */

/* Begin PBXVariantGroup section */
		84D47EE524AF16EC0080535A /* Main.storyboard */ = {
			isa = PBXVariantGroup;
			children = (
				84D47EE624AF16EC0080535A /* Base */,
			);
			name = Main.storyboard;
			sourceTree = "<group>";
		};
		84D47EEA24AF173D0080535A /* LaunchScreen.storyboard */ = {
			isa = PBXVariantGroup;
			children = (
				84D47EEB24AF173D0080535A /* Base */,
			);
			name = LaunchScreen.storyboard;
			sourceTree = "<group>";
		};
/* End PBXVariantGroup section */

/* Begin XCBuildConfiguration section */
		84D47EEE24AF173D0080535A /* Debug */ = {
			isa = XCBuildConfiguration;
			buildSettings = {
				ALWAYS_SEARCH_USER_PATHS = NO;
				CLANG_ANALYZER_NONNULL = YES;
				CLANG_ANALYZER_NUMBER_OBJECT_CONVERSION = YES_AGGRESSIVE;
				CLANG_CXX_LANGUAGE_STANDARD = "gnu++14";
				CLANG_CXX_LIBRARY = "libc++";
				CLANG_ENABLE_MODULES = YES;
				CLANG_ENABLE_OBJC_ARC = YES;
				CLANG_ENABLE_OBJC_WEAK = YES;
				CLANG_WARN_BLOCK_CAPTURE_AUTORELEASING = YES;
				CLANG_WARN_BOOL_CONVERSION = YES;
				CLANG_WARN_COMMA = YES;
				CLANG_WARN_CONSTANT_CONVERSION = YES;
				CLANG_WARN_DEPRECATED_OBJC_IMPLEMENTATIONS = YES;
				CLANG_WARN_DIRECT_OBJC_ISA_USAGE = YES_ERROR;
				CLANG_WARN_DOCUMENTATION_COMMENTS = YES;
				CLANG_WARN_EMPTY_BODY = YES;
				CLANG_WARN_ENUM_CONVERSION = YES;
				CLANG_WARN_INFINITE_RECURSION = YES;
				CLANG_WARN_INT_CONVERSION = YES;
				CLANG_WARN_NON_LITERAL_NULL_CONVERSION = YES;
				CLANG_WARN_OBJC_IMPLICIT_RETAIN_SELF = YES;
				CLANG_WARN_OBJC_LITERAL_CONVERSION = YES;
				CLANG_WARN_OBJC_ROOT_CLASS = YES_ERROR;
				CLANG_WARN_RANGE_LOOP_ANALYSIS = YES;
				CLANG_WARN_STRICT_PROTOTYPES = YES;
				CLANG_WARN_SUSPICIOUS_MOVE = YES;
				CLANG_WARN_UNGUARDED_AVAILABILITY = YES_AGGRESSIVE;
				CLANG_WARN_UNREACHABLE_CODE = YES;
				CLANG_WARN__DUPLICATE_METHOD_MATCH = YES;
				COPY_PHASE_STRIP = NO;
				DEBUG_INFORMATION_FORMAT = dwarf;
				ENABLE_STRICT_OBJC_MSGSEND = YES;
				ENABLE_TESTABILITY = YES;
				GCC_C_LANGUAGE_STANDARD = gnu11;
				GCC_DYNAMIC_NO_PIC = NO;
				GCC_NO_COMMON_BLOCKS = YES;
				GCC_OPTIMIZATION_LEVEL = 0;
				GCC_PREPROCESSOR_DEFINITIONS = (
					"DEBUG=1",
					"$(inherited)",
				);
				GCC_WARN_64_TO_32_BIT_CONVERSION = YES;
				GCC_WARN_ABOUT_RETURN_TYPE = YES_ERROR;
				GCC_WARN_UNDECLARED_SELECTOR = YES;
				GCC_WARN_UNINITIALIZED_AUTOS = YES_AGGRESSIVE;
				GCC_WARN_UNUSED_FUNCTION = YES;
				GCC_WARN_UNUSED_VARIABLE = YES;
				IPHONEOS_DEPLOYMENT_TARGET = 13.4;
				MTL_ENABLE_DEBUG_INFO = INCLUDE_SOURCE;
				MTL_FAST_MATH = YES;
				ONLY_ACTIVE_ARCH = YES;
				SDKROOT = iphoneos;
				SWIFT_ACTIVE_COMPILATION_CONDITIONS = DEBUG;
				SWIFT_OPTIMIZATION_LEVEL = "-Onone";
			};
			name = Debug;
		};
		84D47EEF24AF173D0080535A /* Release */ = {
			isa = XCBuildConfiguration;
			buildSettings = {
				ALWAYS_SEARCH_USER_PATHS = NO;
				CLANG_ANALYZER_NONNULL = YES;
				CLANG_ANALYZER_NUMBER_OBJECT_CONVERSION = YES_AGGRESSIVE;
				CLANG_CXX_LANGUAGE_STANDARD = "gnu++14";
				CLANG_CXX_LIBRARY = "libc++";
				CLANG_ENABLE_MODULES = YES;
				CLANG_ENABLE_OBJC_ARC = YES;
				CLANG_ENABLE_OBJC_WEAK = YES;
				CLANG_WARN_BLOCK_CAPTURE_AUTORELEASING = YES;
				CLANG_WARN_BOOL_CONVERSION = YES;
				CLANG_WARN_COMMA = YES;
				CLANG_WARN_CONSTANT_CONVERSION = YES;
				CLANG_WARN_DEPRECATED_OBJC_IMPLEMENTATIONS = YES;
				CLANG_WARN_DIRECT_OBJC_ISA_USAGE = YES_ERROR;
				CLANG_WARN_DOCUMENTATION_COMMENTS = YES;
				CLANG_WARN_EMPTY_BODY = YES;
				CLANG_WARN_ENUM_CONVERSION = YES;
				CLANG_WARN_INFINITE_RECURSION = YES;
				CLANG_WARN_INT_CONVERSION = YES;
				CLANG_WARN_NON_LITERAL_NULL_CONVERSION = YES;
				CLANG_WARN_OBJC_IMPLICIT_RETAIN_SELF = YES;
				CLANG_WARN_OBJC_LITERAL_CONVERSION = YES;
				CLANG_WARN_OBJC_ROOT_CLASS = YES_ERROR;
				CLANG_WARN_RANGE_LOOP_ANALYSIS = YES;
				CLANG_WARN_STRICT_PROTOTYPES = YES;
				CLANG_WARN_SUSPICIOUS_MOVE = YES;
				CLANG_WARN_UNGUARDED_AVAILABILITY = YES_AGGRESSIVE;
				CLANG_WARN_UNREACHABLE_CODE = YES;
				CLANG_WARN__DUPLICATE_METHOD_MATCH = YES;
				COPY_PHASE_STRIP = NO;
				DEBUG_INFORMATION_FORMAT = "dwarf-with-dsym";
				ENABLE_NS_ASSERTIONS = NO;
				ENABLE_STRICT_OBJC_MSGSEND = YES;
				GCC_C_LANGUAGE_STANDARD = gnu11;
				GCC_NO_COMMON_BLOCKS = YES;
				GCC_WARN_64_TO_32_BIT_CONVERSION = YES;
				GCC_WARN_ABOUT_RETURN_TYPE = YES_ERROR;
				GCC_WARN_UNDECLARED_SELECTOR = YES;
				GCC_WARN_UNINITIALIZED_AUTOS = YES_AGGRESSIVE;
				GCC_WARN_UNUSED_FUNCTION = YES;
				GCC_WARN_UNUSED_VARIABLE = YES;
				IPHONEOS_DEPLOYMENT_TARGET = 13.4;
				MTL_ENABLE_DEBUG_INFO = NO;
				MTL_FAST_MATH = YES;
				SDKROOT = iphoneos;
				SWIFT_COMPILATION_MODE = wholemodule;
				SWIFT_OPTIMIZATION_LEVEL = "-O";
				VALIDATE_PRODUCT = YES;
			};
			name = Release;
		};
		84D47EF124AF173D0080535A /* Debug */ = {
			isa = XCBuildConfiguration;
			buildSettings = {
				ASSETCATALOG_COMPILER_APPICON_NAME = AppIcon;
				CODE_SIGN_STYLE = Automatic;
				INFOPLIST_FILE = CompLayoutTest/Info.plist;
				LD_RUNPATH_SEARCH_PATHS = (
					"$(inherited)",
					"@executable_path/Frameworks",
				);
				PRODUCT_BUNDLE_IDENTIFIER = semenov.CompLayoutTest;
				PRODUCT_NAME = "$(TARGET_NAME)";
				SWIFT_VERSION = 5.0;
				TARGETED_DEVICE_FAMILY = "1,2";
			};
			name = Debug;
		};
		84D47EF224AF173D0080535A /* Release */ = {
			isa = XCBuildConfiguration;
			buildSettings = {
				ASSETCATALOG_COMPILER_APPICON_NAME = AppIcon;
				CODE_SIGN_STYLE = Automatic;
				INFOPLIST_FILE = CompLayoutTest/Info.plist;
				LD_RUNPATH_SEARCH_PATHS = (
					"$(inherited)",
					"@executable_path/Frameworks",
				);
				PRODUCT_BUNDLE_IDENTIFIER = semenov.CompLayoutTest;
				PRODUCT_NAME = "$(TARGET_NAME)";
				SWIFT_VERSION = 5.0;
				TARGETED_DEVICE_FAMILY = "1,2";
			};
			name = Release;
		};
/* End XCBuildConfiguration section */

/* Begin XCConfigurationList section */
		84D47ED724AF16EB0080535A /* Build configuration list for PBXProject "CompLayoutTest" */ = {
			isa = XCConfigurationList;
			buildConfigurations = (
				84D47EEE24AF173D0080535A /* Debug */,
				84D47EEF24AF173D0080535A /* Release */,
			);
			defaultConfigurationIsVisible = 0;
			defaultConfigurationName = Release;
		};
		84D47EF024AF173D0080535A /* Build configuration list for PBXNativeTarget "CompLayoutTest" */ = {
			isa = XCConfigurationList;
			buildConfigurations = (
				84D47EF124AF173D0080535A /* Debug */,
				84D47EF224AF173D0080535A /* Release */,
			);
			defaultConfigurationIsVisible = 0;
			defaultConfigurationName = Release;
		};
/* End XCConfigurationList section */
	};
	rootObject = 84D47ED424AF16EB0080535A /* Project object */;
}
